{
  "name": "rentgen",
  "version": "0.1.1",
  "lockfileVersion": 1,
  "requires": true,
  "dependencies": {
    "bs-platform": {
      "version": "7.3.2",
      "resolved": "https://registry.npmjs.org/bs-platform/-/bs-platform-7.3.2.tgz",
      "integrity": "sha512-seJL5g4anK9la4erv+B2o2sMHQCxDF6OCRl9en3hbaUos/S3JsusQ0sPp4ORsbx5eXfHLYBwPljwKXlgpXtsgQ==",
      "dev": true
    },
    "bsdoc": {
      "version": "6.0.2-alpha",
      "resolved": "https://registry.npmjs.org/bsdoc/-/bsdoc-6.0.2-alpha.tgz",
      "integrity": "sha512-Zr3Z4U+lynz6FK9vqz+45jTBlKgWJ6iUssQcAU+2QUGtGMg0TNEJz2QEOvwkz5ZFVv+gLbF+c8sbhkYO4OjLJg==",
      "dev": true
    }
  }
}
